// !$*UTF8*$!
{
	archiveVersion = 1;
	classes = {
	};
	objectVersion = 46;
	objects = {

/* Begin PBXBuildFile section */
		D805F8071A9E1135006140FB /* AppDelegate.swift in Sources */ = {isa = PBXBuildFile; fileRef = D805F8061A9E1135006140FB /* AppDelegate.swift */; };
		D805F8091A9E1135006140FB /* ViewController.swift in Sources */ = {isa = PBXBuildFile; fileRef = D805F8081A9E1135006140FB /* ViewController.swift */; };
		D805F80C1A9E1135006140FB /* Main.storyboard in Resources */ = {isa = PBXBuildFile; fileRef = D805F80A1A9E1135006140FB /* Main.storyboard */; };
		D805F80E1A9E1135006140FB /* Images.xcassets in Resources */ = {isa = PBXBuildFile; fileRef = D805F80D1A9E1135006140FB /* Images.xcassets */; };
		D805F8111A9E1135006140FB /* LaunchScreen.xib in Resources */ = {isa = PBXBuildFile; fileRef = D805F80F1A9E1135006140FB /* LaunchScreen.xib */; };
		D805F81D1A9E1135006140FB /* ImageProducerTests.swift in Sources */ = {isa = PBXBuildFile; fileRef = D805F81C1A9E1135006140FB /* ImageProducerTests.swift */; };
/* End PBXBuildFile section */

/* Begin PBXContainerItemProxy section */
		D805F8171A9E1135006140FB /* PBXContainerItemProxy */ = {
			isa = PBXContainerItemProxy;
			containerPortal = D805F7F91A9E1135006140FB /* Project object */;
			proxyType = 1;
			remoteGlobalIDString = D805F8001A9E1135006140FB;
			remoteInfo = ImageProducer;
		};
/* End PBXContainerItemProxy section */

/* Begin PBXFileReference section */
		D805F8011A9E1135006140FB /* ImageProducer.app */ = {isa = PBXFileReference; explicitFileType = wrapper.application; includeInIndex = 0; path = ImageProducer.app; sourceTree = BUILT_PRODUCTS_DIR; };
		D805F8051A9E1135006140FB /* Info.plist */ = {isa = PBXFileReference; lastKnownFileType = text.plist.xml; path = Info.plist; sourceTree = "<group>"; };
		D805F8061A9E1135006140FB /* AppDelegate.swift */ = {isa = PBXFileReference; lastKnownFileType = sourcecode.swift; path = AppDelegate.swift; sourceTree = "<group>"; };
		D805F8081A9E1135006140FB /* ViewController.swift */ = {isa = PBXFileReference; lastKnownFileType = sourcecode.swift; path = ViewController.swift; sourceTree = "<group>"; };
		D805F80B1A9E1135006140FB /* Base */ = {isa = PBXFileReference; lastKnownFileType = file.storyboard; name = Base; path = Base.lproj/Main.storyboard; sourceTree = "<group>"; };
		D805F80D1A9E1135006140FB /* Images.xcassets */ = {isa = PBXFileReference; lastKnownFileType = folder.assetcatalog; path = Images.xcassets; sourceTree = "<group>"; };
		D805F8101A9E1135006140FB /* Base */ = {isa = PBXFileReference; lastKnownFileType = file.xib; name = Base; path = Base.lproj/LaunchScreen.xib; sourceTree = "<group>"; };
		D805F8161A9E1135006140FB /* ImageProducerTests.xctest */ = {isa = PBXFileReference; explicitFileType = wrapper.cfbundle; includeInIndex = 0; path = ImageProducerTests.xctest; sourceTree = BUILT_PRODUCTS_DIR; };
		D805F81B1A9E1135006140FB /* Info.plist */ = {isa = PBXFileReference; lastKnownFileType = text.plist.xml; path = Info.plist; sourceTree = "<group>"; };
		D805F81C1A9E1135006140FB /* ImageProducerTests.swift */ = {isa = PBXFileReference; lastKnownFileType = sourcecode.swift; path = ImageProducerTests.swift; sourceTree = "<group>"; };
/* End PBXFileReference section */

/* Begin PBXFrameworksBuildPhase section */
		D805F7FE1A9E1135006140FB /* Frameworks */ = {
			isa = PBXFrameworksBuildPhase;
			buildActionMask = 2147483647;
			files = (
			);
			runOnlyForDeploymentPostprocessing = 0;
		};
		D805F8131A9E1135006140FB /* Frameworks */ = {
			isa = PBXFrameworksBuildPhase;
			buildActionMask = 2147483647;
			files = (
			);
			runOnlyForDeploymentPostprocessing = 0;
		};
/* End PBXFrameworksBuildPhase section */

/* Begin PBXGroup section */
		D805F7F81A9E1135006140FB = {
			isa = PBXGroup;
			children = (
				D805F8031A9E1135006140FB /* ImageProducer */,
				D805F8191A9E1135006140FB /* ImageProducerTests */,
				D805F8021A9E1135006140FB /* Products */,
			);
			sourceTree = "<group>";
		};
		D805F8021A9E1135006140FB /* Products */ = {
			isa = PBXGroup;
			children = (
				D805F8011A9E1135006140FB /* ImageProducer.app */,
				D805F8161A9E1135006140FB /* ImageProducerTests.xctest */,
			);
			name = Products;
			sourceTree = "<group>";
		};
		D805F8031A9E1135006140FB /* ImageProducer */ = {
			isa = PBXGroup;
			children = (
				D805F8061A9E1135006140FB /* AppDelegate.swift */,
				D805F8081A9E1135006140FB /* ViewController.swift */,
				D805F80A1A9E1135006140FB /* Main.storyboard */,
				D805F80D1A9E1135006140FB /* Images.xcassets */,
				D805F80F1A9E1135006140FB /* LaunchScreen.xib */,
				D805F8041A9E1135006140FB /* Supporting Files */,
			);
			path = ImageProducer;
			sourceTree = "<group>";
		};
		D805F8041A9E1135006140FB /* Supporting Files */ = {
			isa = PBXGroup;
			children = (
				D805F8051A9E1135006140FB /* Info.plist */,
			);
			name = "Supporting Files";
			sourceTree = "<group>";
		};
		D805F8191A9E1135006140FB /* ImageProducerTests */ = {
			isa = PBXGroup;
			children = (
				D805F81C1A9E1135006140FB /* ImageProducerTests.swift */,
				D805F81A1A9E1135006140FB /* Supporting Files */,
			);
			path = ImageProducerTests;
			sourceTree = "<group>";
		};
		D805F81A1A9E1135006140FB /* Supporting Files */ = {
			isa = PBXGroup;
			children = (
				D805F81B1A9E1135006140FB /* Info.plist */,
			);
			name = "Supporting Files";
			sourceTree = "<group>";
		};
/* End PBXGroup section */

/* Begin PBXNativeTarget section */
		D805F8001A9E1135006140FB /* ImageProducer */ = {
			isa = PBXNativeTarget;
			buildConfigurationList = D805F8201A9E1135006140FB /* Build configuration list for PBXNativeTarget "ImageProducer" */;
			buildPhases = (
				D805F7FD1A9E1135006140FB /* Sources */,
				D805F7FE1A9E1135006140FB /* Frameworks */,
				D805F7FF1A9E1135006140FB /* Resources */,
			);
			buildRules = (
			);
			dependencies = (
			);
			name = ImageProducer;
			productName = ImageProducer;
			productReference = D805F8011A9E1135006140FB /* ImageProducer.app */;
			productType = "com.apple.product-type.application";
		};
		D805F8151A9E1135006140FB /* ImageProducerTests */ = {
			isa = PBXNativeTarget;
			buildConfigurationList = D805F8231A9E1135006140FB /* Build configuration list for PBXNativeTarget "ImageProducerTests" */;
			buildPhases = (
				D805F8121A9E1135006140FB /* Sources */,
				D805F8131A9E1135006140FB /* Frameworks */,
				D805F8141A9E1135006140FB /* Resources */,
			);
			buildRules = (
			);
			dependencies = (
				D805F8181A9E1135006140FB /* PBXTargetDependency */,
			);
			name = ImageProducerTests;
			productName = ImageProducerTests;
			productReference = D805F8161A9E1135006140FB /* ImageProducerTests.xctest */;
			productType = "com.apple.product-type.bundle.unit-test";
		};
/* End PBXNativeTarget section */

/* Begin PBXProject section */
		D805F7F91A9E1135006140FB /* Project object */ = {
			isa = PBXProject;
			attributes = {
				LastUpgradeCheck = 0610;
				ORGANIZATIONNAME = Acer;
				TargetAttributes = {
					D805F8001A9E1135006140FB = {
						CreatedOnToolsVersion = 6.1.1;
					};
					D805F8151A9E1135006140FB = {
						CreatedOnToolsVersion = 6.1.1;
						TestTargetID = D805F8001A9E1135006140FB;
					};
				};
			};
			buildConfigurationList = D805F7FC1A9E1135006140FB /* Build configuration list for PBXProject "ImageProducer" */;
			compatibilityVersion = "Xcode 3.2";
			developmentRegion = English;
			hasScannedForEncodings = 0;
			knownRegions = (
				en,
				Base,
			);
			mainGroup = D805F7F81A9E1135006140FB;
			productRefGroup = D805F8021A9E1135006140FB /* Products */;
			projectDirPath = "";
			projectRoot = "";
			targets = (
				D805F8001A9E1135006140FB /* ImageProducer */,
				D805F8151A9E1135006140FB /* ImageProducerTests */,
			);
		};
/* End PBXProject section */

/* Begin PBXResourcesBuildPhase section */
		D805F7FF1A9E1135006140FB /* Resources */ = {
			isa = PBXResourcesBuildPhase;
			buildActionMask = 2147483647;
			files = (
				D805F80C1A9E1135006140FB /* Main.storyboard in Resources */,
				D805F8111A9E1135006140FB /* LaunchScreen.xib in Resources */,
				D805F80E1A9E1135006140FB /* Images.xcassets in Resources */,
			);
			runOnlyForDeploymentPostprocessing = 0;
		};
		D805F8141A9E1135006140FB /* Resources */ = {
			isa = PBXResourcesBuildPhase;
			buildActionMask = 2147483647;
			files = (
			);
			runOnlyForDeploymentPostprocessing = 0;
		};
/* End PBXResourcesBuildPhase section */

/* Begin PBXSourcesBuildPhase section */
		D805F7FD1A9E1135006140FB /* Sources */ = {
			isa = PBXSourcesBuildPhase;
			buildActionMask = 2147483647;
			files = (
				D805F8091A9E1135006140FB /* ViewController.swift in Sources */,
				D805F8071A9E1135006140FB /* AppDelegate.swift in Sources */,
			);
			runOnlyForDeploymentPostprocessing = 0;
		};
		D805F8121A9E1135006140FB /* Sources */ = {
			isa = PBXSourcesBuildPhase;
			buildActionMask = 2147483647;
			files = (
				D805F81D1A9E1135006140FB /* ImageProducerTests.swift in Sources */,
			);
			runOnlyForDeploymentPostprocessing = 0;
		};
/* End PBXSourcesBuildPhase section */

/* Begin PBXTargetDependency section */
		D805F8181A9E1135006140FB /* PBXTargetDependency */ = {
			isa = PBXTargetDependency;
			target = D805F8001A9E1135006140FB /* ImageProducer */;
			targetProxy = D805F8171A9E1135006140FB /* PBXContainerItemProxy */;
		};
/* End PBXTargetDependency section */

/* Begin PBXVariantGroup section */
		D805F80A1A9E1135006140FB /* Main.storyboard */ = {
			isa = PBXVariantGroup;
			children = (
				D805F80B1A9E1135006140FB /* Base */,
			);
			name = Main.storyboard;
			sourceTree = "<group>";
		};
		D805F80F1A9E1135006140FB /* LaunchScreen.xib */ = {
			isa = PBXVariantGroup;
			children = (
				D805F8101A9E1135006140FB /* Base */,
			);
			name = LaunchScreen.xib;
			sourceTree = "<group>";
		};
/* End PBXVariantGroup section */

/* Begin XCBuildConfiguration section */
		D805F81E1A9E1135006140FB /* Debug */ = {
			isa = XCBuildConfiguration;
			buildSettings = {
				ALWAYS_SEARCH_USER_PATHS = NO;
				CLANG_CXX_LANGUAGE_STANDARD = "gnu++0x";
				CLANG_CXX_LIBRARY = "libc++";
				CLANG_ENABLE_MODULES = YES;
				CLANG_ENABLE_OBJC_ARC = YES;
				CLANG_WARN_BOOL_CONVERSION = YES;
				CLANG_WARN_CONSTANT_CONVERSION = YES;
				CLANG_WARN_DIRECT_OBJC_ISA_USAGE = YES_ERROR;
				CLANG_WARN_EMPTY_BODY = YES;
				CLANG_WARN_ENUM_CONVERSION = YES;
				CLANG_WARN_INT_CONVERSION = YES;
				CLANG_WARN_OBJC_ROOT_CLASS = YES_ERROR;
				CLANG_WARN_UNREACHABLE_CODE = YES;
				CLANG_WARN__DUPLICATE_METHOD_MATCH = YES;
				"CODE_SIGN_IDENTITY[sdk=iphoneos*]" = "iPhone Developer";
				COPY_PHASE_STRIP = NO;
				ENABLE_STRICT_OBJC_MSGSEND = YES;
				GCC_C_LANGUAGE_STANDARD = gnu99;
				GCC_DYNAMIC_NO_PIC = NO;
				GCC_OPTIMIZATION_LEVEL = 0;
				GCC_PREPROCESSOR_DEFINITIONS = (
					"DEBUG=1",
					"$(inherited)",
				);
				GCC_SYMBOLS_PRIVATE_EXTERN = NO;
				GCC_WARN_64_TO_32_BIT_CONVERSION = YES;
				GCC_WARN_ABOUT_RETURN_TYPE = YES_ERROR;
				GCC_WARN_UNDECLARED_SELECTOR = YES;
				GCC_WARN_UNINITIALIZED_AUTOS = YES_AGGRESSIVE;
				GCC_WARN_UNUSED_FUNCTION = YES;
				GCC_WARN_UNUSED_VARIABLE = YES;
				IPHONEOS_DEPLOYMENT_TARGET = 8.1;
				MTL_ENABLE_DEBUG_INFO = YES;
				ONLY_ACTIVE_ARCH = YES;
				SDKROOT = iphoneos;
				SWIFT_OPTIMIZATION_LEVEL = "-Onone";
				TARGETED_DEVICE_FAMILY = "1,2";
			};
			name = Debug;
		};
		D805F81F1A9E1135006140FB /* Release */ = {
			isa = XCBuildConfiguration;
			buildSettings = {
				ALWAYS_SEARCH_USER_PATHS = NO;
				CLANG_CXX_LANGUAGE_STANDARD = "gnu++0x";
				CLANG_CXX_LIBRARY = "libc++";
				CLANG_ENABLE_MODULES = YES;
				CLANG_ENABLE_OBJC_ARC = YES;
				CLANG_WARN_BOOL_CONVERSION = YES;
				CLANG_WARN_CONSTANT_CONVERSION = YES;
				CLANG_WARN_DIRECT_OBJC_ISA_USAGE = YES_ERROR;
				CLANG_WARN_EMPTY_BODY = YES;
				CLANG_WARN_ENUM_CONVERSION = YES;
				CLANG_WARN_INT_CONVERSION = YES;
				CLANG_WARN_OBJC_ROOT_CLASS = YES_ERROR;
				CLANG_WARN_UNREACHABLE_CODE = YES;
				CLANG_WARN__DUPLICATE_METHOD_MATCH = YES;
				"CODE_SIGN_IDENTITY[sdk=iphoneos*]" = "iPhone Developer";
				COPY_PHASE_STRIP = YES;
				ENABLE_NS_ASSERTIONS = NO;
				ENABLE_STRICT_OBJC_MSGSEND = YES;
				GCC_C_LANGUAGE_STANDARD = gnu99;
				GCC_WARN_64_TO_32_BIT_CONVERSION = YES;
				GCC_WARN_ABOUT_RETURN_TYPE = YES_ERROR;
				GCC_WARN_UNDECLARED_SELECTOR = YES;
				GCC_WARN_UNINITIALIZED_AUTOS = YES_AGGRESSIVE;
				GCC_WARN_UNUSED_FUNCTION = YES;
				GCC_WARN_UNUSED_VARIABLE = YES;
				IPHONEOS_DEPLOYMENT_TARGET = 8.1;
				MTL_ENABLE_DEBUG_INFO = NO;
				SDKROOT = iphoneos;
				TARGETED_DEVICE_FAMILY = "1,2";
				VALIDATE_PRODUCT = YES;
			};
			name = Release;
		};
		D805F8211A9E1135006140FB /* Debug */ = {
			isa = XCBuildConfiguration;
			buildSettings = {
				ASSETCATALOG_COMPILER_APPICON_NAME = AppIcon;
				INFOPLIST_FILE = ImageProducer/Info.plist;
				LD_RUNPATH_SEARCH_PATHS = "$(inherited) @executable_path/Frameworks";
				PRODUCT_NAME = "$(TARGET_NAME)";
			};
			name = Debug;
		};
		D805F8221A9E1135006140FB /* Release */ = {
			isa = XCBuildConfiguration;
			buildSettings = {
				ASSETCATALOG_COMPILER_APPICON_NAME = AppIcon;
				INFOPLIST_FILE = ImageProducer/Info.plist;
				LD_RUNPATH_SEARCH_PATHS = "$(inherited) @executable_path/Frameworks";
				PRODUCT_NAME = "$(TARGET_NAME)";
			};
			name = Release;
		};
		D805F8241A9E1135006140FB /* Debug */ = {
			isa = XCBuildConfiguration;
			buildSettings = {
				BUNDLE_LOADER = "$(TEST_HOST)";
				FRAMEWORK_SEARCH_PATHS = (
					"$(SDKROOT)/Developer/Library/Frameworks",
					"$(inherited)",
				);
				GCC_PREPROCESSOR_DEFINITIONS = (
					"DEBUG=1",
					"$(inherited)",
				);
				INFOPLIST_FILE = ImageProducerTests/Info.plist;
				LD_RUNPATH_SEARCH_PATHS = "$(inherited) @executable_path/Frameworks @loader_path/Frameworks";
				PRODUCT_NAME = "$(TARGET_NAME)";
				TEST_HOST = "$(BUILT_PRODUCTS_DIR)/ImageProducer.app/ImageProducer";
			};
			name = Debug;
		};
		D805F8251A9E1135006140FB /* Release */ = {
			isa = XCBuildConfiguration;
			buildSettings = {
				BUNDLE_LOADER = "$(TEST_HOST)";
				FRAMEWORK_SEARCH_PATHS = (
					"$(SDKROOT)/Developer/Library/Frameworks",
					"$(inherited)",
				);
				INFOPLIST_FILE = ImageProducerTests/Info.plist;
				LD_RUNPATH_SEARCH_PATHS = "$(inherited) @executable_path/Frameworks @loader_path/Frameworks";
				PRODUCT_NAME = "$(TARGET_NAME)";
				TEST_HOST = "$(BUILT_PRODUCTS_DIR)/ImageProducer.app/ImageProducer";
			};
			name = Release;
		};
/* End XCBuildConfiguration section */

/* Begin XCConfigurationList section */
		D805F7FC1A9E1135006140FB /* Build configuration list for PBXProject "ImageProducer" */ = {
			isa = XCConfigurationList;
			buildConfigurations = (
				D805F81E1A9E1135006140FB /* Debug */,
				D805F81F1A9E1135006140FB /* Release */,
			);
			defaultConfigurationIsVisible = 0;
			defaultConfigurationName = Release;
		};
		D805F8201A9E1135006140FB /* Build configuration list for PBXNativeTarget "ImageProducer" */ = {
			isa = XCConfigurationList;
			buildConfigurations = (
				D805F8211A9E1135006140FB /* Debug */,
				D805F8221A9E1135006140FB /* Release */,
			);
			defaultConfigurationIsVisible = 0;
		};
		D805F8231A9E1135006140FB /* Build configuration list for PBXNativeTarget "ImageProducerTests" */ = {
			isa = XCConfigurationList;
			buildConfigurations = (
				D805F8241A9E1135006140FB /* Debug */,
				D805F8251A9E1135006140FB /* Release */,
			);
			defaultConfigurationIsVisible = 0;
		};
/* End XCConfigurationList section */
	};
	rootObject = D805F7F91A9E1135006140FB /* Project object */;
}
